PODS:
  - Flutter (1.0.0)
  - tencent_wemeet (0.0.1):
    - Flutter

DEPENDENCIES:
  - Flutter (from `Flutter`)
  - tencent_wemeet (from `.symlinks/plugins/tencent_wemeet/ios`)

EXTERNAL SOURCES:
  Flutter:
    :path: Flutter
  tencent_wemeet:
    :path: ".symlinks/plugins/tencent_wemeet/ios"

SPEC CHECKSUMS:
  Flutter: f04841e97a9d0b0a8025694d0796dd46242b2854
  tencent_wemeet: 5dc37b2fca15a905a57e16ec03ac764a0f8e7ed3

PODFILE CHECKSUM: ef19549a9bc3046e7bb7d2fab4d021637c0c58a3

COCOAPODS: 1.11.3
